// !$*UTF8*$!
{
	archiveVersion = 1;
	classes = {
	};
	objectVersion = 50;
	objects = {

/* Begin PBXBuildFile section */
		F0E3C807258961450095FEF8 /* AppDelegate.swift in Sources */ = {isa = PBXBuildFile; fileRef = F0E3C806258961450095FEF8 /* AppDelegate.swift */; };
		F0E3C809258961450095FEF8 /* SceneDelegate.swift in Sources */ = {isa = PBXBuildFile; fileRef = F0E3C808258961450095FEF8 /* SceneDelegate.swift */; };
		F0E3C80B258961450095FEF8 /* ViewController.swift in Sources */ = {isa = PBXBuildFile; fileRef = F0E3C80A258961450095FEF8 /* ViewController.swift */; };
		F0E3C80E258961450095FEF8 /* Main.storyboard in Resources */ = {isa = PBXBuildFile; fileRef = F0E3C80C258961450095FEF8 /* Main.storyboard */; };
		F0E3C811258961450095FEF8 /* Dicionario.xcdatamodeld in Sources */ = {isa = PBXBuildFile; fileRef = F0E3C80F258961450095FEF8 /* Dicionario.xcdatamodeld */; };
		F0E3C813258961490095FEF8 /* Assets.xcassets in Resources */ = {isa = PBXBuildFile; fileRef = F0E3C812258961490095FEF8 /* Assets.xcassets */; };
		F0E3C816258961490095FEF8 /* LaunchScreen.storyboard in Resources */ = {isa = PBXBuildFile; fileRef = F0E3C814258961490095FEF8 /* LaunchScreen.storyboard */; };
		F0E3C820258969910095FEF8 /* ListarPalavrasTableViewController.swift in Sources */ = {isa = PBXBuildFile; fileRef = F0E3C81F258969910095FEF8 /* ListarPalavrasTableViewController.swift */; };
/* End PBXBuildFile section */

/* Begin PBXFileReference section */
		F0E3C803258961450095FEF8 /* Dicionario.app */ = {isa = PBXFileReference; explicitFileType = wrapper.application; includeInIndex = 0; path = Dicionario.app; sourceTree = BUILT_PRODUCTS_DIR; };
		F0E3C806258961450095FEF8 /* AppDelegate.swift */ = {isa = PBXFileReference; lastKnownFileType = sourcecode.swift; path = AppDelegate.swift; sourceTree = "<group>"; };
		F0E3C808258961450095FEF8 /* SceneDelegate.swift */ = {isa = PBXFileReference; lastKnownFileType = sourcecode.swift; path = SceneDelegate.swift; sourceTree = "<group>"; };
		F0E3C80A258961450095FEF8 /* ViewController.swift */ = {isa = PBXFileReference; lastKnownFileType = sourcecode.swift; path = ViewController.swift; sourceTree = "<group>"; };
		F0E3C80D258961450095FEF8 /* Base */ = {isa = PBXFileReference; lastKnownFileType = file.storyboard; name = Base; path = Base.lproj/Main.storyboard; sourceTree = "<group>"; };
		F0E3C810258961450095FEF8 /* Dicionario.xcdatamodel */ = {isa = PBXFileReference; lastKnownFileType = wrapper.xcdatamodel; path = Dicionario.xcdatamodel; sourceTree = "<group>"; };
		F0E3C812258961490095FEF8 /* Assets.xcassets */ = {isa = PBXFileReference; lastKnownFileType = folder.assetcatalog; path = Assets.xcassets; sourceTree = "<group>"; };
		F0E3C815258961490095FEF8 /* Base */ = {isa = PBXFileReference; lastKnownFileType = file.storyboard; name = Base; path = Base.lproj/LaunchScreen.storyboard; sourceTree = "<group>"; };
		F0E3C817258961490095FEF8 /* Info.plist */ = {isa = PBXFileReference; lastKnownFileType = text.plist.xml; path = Info.plist; sourceTree = "<group>"; };
		F0E3C81F258969910095FEF8 /* ListarPalavrasTableViewController.swift */ = {isa = PBXFileReference; lastKnownFileType = sourcecode.swift; path = ListarPalavrasTableViewController.swift; sourceTree = "<group>"; };
/* End PBXFileReference section */

/* Begin PBXFrameworksBuildPhase section */
		F0E3C800258961450095FEF8 /* Frameworks */ = {
			isa = PBXFrameworksBuildPhase;
			buildActionMask = 2147483647;
			files = (
			);
			runOnlyForDeploymentPostprocessing = 0;
		};
/* End PBXFrameworksBuildPhase section */

/* Begin PBXGroup section */
		F0E3C7FA258961450095FEF8 = {
			isa = PBXGroup;
			children = (
				F0E3C805258961450095FEF8 /* Dicionario */,
				F0E3C804258961450095FEF8 /* Products */,
			);
			sourceTree = "<group>";
		};
		F0E3C804258961450095FEF8 /* Products */ = {
			isa = PBXGroup;
			children = (
				F0E3C803258961450095FEF8 /* Dicionario.app */,
			);
			name = Products;
			sourceTree = "<group>";
		};
		F0E3C805258961450095FEF8 /* Dicionario */ = {
			isa = PBXGroup;
			children = (
				F0E3C806258961450095FEF8 /* AppDelegate.swift */,
				F0E3C808258961450095FEF8 /* SceneDelegate.swift */,
				F0E3C80A258961450095FEF8 /* ViewController.swift */,
				F0E3C81F258969910095FEF8 /* ListarPalavrasTableViewController.swift */,
				F0E3C80C258961450095FEF8 /* Main.storyboard */,
				F0E3C812258961490095FEF8 /* Assets.xcassets */,
				F0E3C814258961490095FEF8 /* LaunchScreen.storyboard */,
				F0E3C817258961490095FEF8 /* Info.plist */,
				F0E3C80F258961450095FEF8 /* Dicionario.xcdatamodeld */,
			);
			path = Dicionario;
			sourceTree = "<group>";
		};
/* End PBXGroup section */

/* Begin PBXNativeTarget section */
		F0E3C802258961450095FEF8 /* Dicionario */ = {
			isa = PBXNativeTarget;
			buildConfigurationList = F0E3C81A258961490095FEF8 /* Build configuration list for PBXNativeTarget "Dicionario" */;
			buildPhases = (
				F0E3C7FF258961450095FEF8 /* Sources */,
				F0E3C800258961450095FEF8 /* Frameworks */,
				F0E3C801258961450095FEF8 /* Resources */,
			);
			buildRules = (
			);
			dependencies = (
			);
			name = Dicionario;
			productName = Dicionario;
			productReference = F0E3C803258961450095FEF8 /* Dicionario.app */;
			productType = "com.apple.product-type.application";
		};
/* End PBXNativeTarget section */

/* Begin PBXProject section */
		F0E3C7FB258961450095FEF8 /* Project object */ = {
			isa = PBXProject;
			attributes = {
				LastSwiftUpdateCheck = 1220;
				LastUpgradeCheck = 1220;
				TargetAttributes = {
					F0E3C802258961450095FEF8 = {
						CreatedOnToolsVersion = 12.2;
					};
				};
			};
			buildConfigurationList = F0E3C7FE258961450095FEF8 /* Build configuration list for PBXProject "Dicionario" */;
			compatibilityVersion = "Xcode 9.3";
			developmentRegion = en;
			hasScannedForEncodings = 0;
			knownRegions = (
				en,
				Base,
			);
			mainGroup = F0E3C7FA258961450095FEF8;
			productRefGroup = F0E3C804258961450095FEF8 /* Products */;
			projectDirPath = "";
			projectRoot = "";
			targets = (
				F0E3C802258961450095FEF8 /* Dicionario */,
			);
		};
/* End PBXProject section */

/* Begin PBXResourcesBuildPhase section */
		F0E3C801258961450095FEF8 /* Resources */ = {
			isa = PBXResourcesBuildPhase;
			buildActionMask = 2147483647;
			files = (
				F0E3C816258961490095FEF8 /* LaunchScreen.storyboard in Resources */,
				F0E3C813258961490095FEF8 /* Assets.xcassets in Resources */,
				F0E3C80E258961450095FEF8 /* Main.storyboard in Resources */,
			);
			runOnlyForDeploymentPostprocessing = 0;
		};
/* End PBXResourcesBuildPhase section */

/* Begin PBXSourcesBuildPhase section */
		F0E3C7FF258961450095FEF8 /* Sources */ = {
			isa = PBXSourcesBuildPhase;
			buildActionMask = 2147483647;
			files = (
				F0E3C811258961450095FEF8 /* Dicionario.xcdatamodeld in Sources */,
				F0E3C80B258961450095FEF8 /* ViewController.swift in Sources */,
				F0E3C807258961450095FEF8 /* AppDelegate.swift in Sources */,
				F0E3C820258969910095FEF8 /* ListarPalavrasTableViewController.swift in Sources */,
				F0E3C809258961450095FEF8 /* SceneDelegate.swift in Sources */,
			);
			runOnlyForDeploymentPostprocessing = 0;
		};
/* End PBXSourcesBuildPhase section */

/* Begin PBXVariantGroup section */
		F0E3C80C258961450095FEF8 /* Main.storyboard */ = {
			isa = PBXVariantGroup;
			children = (
				F0E3C80D258961450095FEF8 /* Base */,
			);
			name = Main.storyboard;
			sourceTree = "<group>";
		};
		F0E3C814258961490095FEF8 /* LaunchScreen.storyboard */ = {
			isa = PBXVariantGroup;
			children = (
				F0E3C815258961490095FEF8 /* Base */,
			);
			name = LaunchScreen.storyboard;
			sourceTree = "<group>";
		};
/* End PBXVariantGroup section */

/* Begin XCBuildConfiguration section */
		F0E3C818258961490095FEF8 /* Debug */ = {
			isa = XCBuildConfiguration;
			buildSettings = {
				ALWAYS_SEARCH_USER_PATHS = NO;
				CLANG_ANALYZER_NONNULL = YES;
				CLANG_ANALYZER_NUMBER_OBJECT_CONVERSION = YES_AGGRESSIVE;
				CLANG_CXX_LANGUAGE_STANDARD = "gnu++14";
				CLANG_CXX_LIBRARY = "libc++";
				CLANG_ENABLE_MODULES = YES;
				CLANG_ENABLE_OBJC_ARC = YES;
				CLANG_ENABLE_OBJC_WEAK = YES;
				CLANG_WARN_BLOCK_CAPTURE_AUTORELEASING = YES;
				CLANG_WARN_BOOL_CONVERSION = YES;
				CLANG_WARN_COMMA = YES;
				CLANG_WARN_CONSTANT_CONVERSION = YES;
				CLANG_WARN_DEPRECATED_OBJC_IMPLEMENTATIONS = YES;
				CLANG_WARN_DIRECT_OBJC_ISA_USAGE = YES_ERROR;
				CLANG_WARN_DOCUMENTATION_COMMENTS = YES;
				CLANG_WARN_EMPTY_BODY = YES;
				CLANG_WARN_ENUM_CONVERSION = YES;
				CLANG_WARN_INFINITE_RECURSION = YES;
				CLANG_WARN_INT_CONVERSION = YES;
				CLANG_WARN_NON_LITERAL_NULL_CONVERSION = YES;
				CLANG_WARN_OBJC_IMPLICIT_RETAIN_SELF = YES;
				CLANG_WARN_OBJC_LITERAL_CONVERSION = YES;
				CLANG_WARN_OBJC_ROOT_CLASS = YES_ERROR;
				CLANG_WARN_QUOTED_INCLUDE_IN_FRAMEWORK_HEADER = YES;
				CLANG_WARN_RANGE_LOOP_ANALYSIS = YES;
				CLANG_WARN_STRICT_PROTOTYPES = YES;
				CLANG_WARN_SUSPICIOUS_MOVE = YES;
				CLANG_WARN_UNGUARDED_AVAILABILITY = YES_AGGRESSIVE;
				CLANG_WARN_UNREACHABLE_CODE = YES;
				CLANG_WARN__DUPLICATE_METHOD_MATCH = YES;
				COPY_PHASE_STRIP = NO;
				DEBUG_INFORMATION_FORMAT = dwarf;
				ENABLE_STRICT_OBJC_MSGSEND = YES;
				ENABLE_TESTABILITY = YES;
				GCC_C_LANGUAGE_STANDARD = gnu11;
				GCC_DYNAMIC_NO_PIC = NO;
				GCC_NO_COMMON_BLOCKS = YES;
				GCC_OPTIMIZATION_LEVEL = 0;
				GCC_PREPROCESSOR_DEFINITIONS = (
					"DEBUG=1",
					"$(inherited)",
				);
				GCC_WARN_64_TO_32_BIT_CONVERSION = YES;
				GCC_WARN_ABOUT_RETURN_TYPE = YES_ERROR;
				GCC_WARN_UNDECLARED_SELECTOR = YES;
				GCC_WARN_UNINITIALIZED_AUTOS = YES_AGGRESSIVE;
				GCC_WARN_UNUSED_FUNCTION = YES;
				GCC_WARN_UNUSED_VARIABLE = YES;
				IPHONEOS_DEPLOYMENT_TARGET = 14.2;
				MTL_ENABLE_DEBUG_INFO = INCLUDE_SOURCE;
				MTL_FAST_MATH = YES;
				ONLY_ACTIVE_ARCH = YES;
				SDKROOT = iphoneos;
				SWIFT_ACTIVE_COMPILATION_CONDITIONS = DEBUG;
				SWIFT_OPTIMIZATION_LEVEL = "-Onone";
			};
			name = Debug;
		};
		F0E3C819258961490095FEF8 /* Release */ = {
			isa = XCBuildConfiguration;
			buildSettings = {
				ALWAYS_SEARCH_USER_PATHS = NO;
				CLANG_ANALYZER_NONNULL = YES;
				CLANG_ANALYZER_NUMBER_OBJECT_CONVERSION = YES_AGGRESSIVE;
				CLANG_CXX_LANGUAGE_STANDARD = "gnu++14";
				CLANG_CXX_LIBRARY = "libc++";
				CLANG_ENABLE_MODULES = YES;
				CLANG_ENABLE_OBJC_ARC = YES;
				CLANG_ENABLE_OBJC_WEAK = YES;
				CLANG_WARN_BLOCK_CAPTURE_AUTORELEASING = YES;
				CLANG_WARN_BOOL_CONVERSION = YES;
				CLANG_WARN_COMMA = YES;
				CLANG_WARN_CONSTANT_CONVERSION = YES;
				CLANG_WARN_DEPRECATED_OBJC_IMPLEMENTATIONS = YES;
				CLANG_WARN_DIRECT_OBJC_ISA_USAGE = YES_ERROR;
				CLANG_WARN_DOCUMENTATION_COMMENTS = YES;
				CLANG_WARN_EMPTY_BODY = YES;
				CLANG_WARN_ENUM_CONVERSION = YES;
				CLANG_WARN_INFINITE_RECURSION = YES;
				CLANG_WARN_INT_CONVERSION = YES;
				CLANG_WARN_NON_LITERAL_NULL_CONVERSION = YES;
				CLANG_WARN_OBJC_IMPLICIT_RETAIN_SELF = YES;
				CLANG_WARN_OBJC_LITERAL_CONVERSION = YES;
				CLANG_WARN_OBJC_ROOT_CLASS = YES_ERROR;
				CLANG_WARN_QUOTED_INCLUDE_IN_FRAMEWORK_HEADER = YES;
				CLANG_WARN_RANGE_LOOP_ANALYSIS = YES;
				CLANG_WARN_STRICT_PROTOTYPES = YES;
				CLANG_WARN_SUSPICIOUS_MOVE = YES;
				CLANG_WARN_UNGUARDED_AVAILABILITY = YES_AGGRESSIVE;
				CLANG_WARN_UNREACHABLE_CODE = YES;
				CLANG_WARN__DUPLICATE_METHOD_MATCH = YES;
				COPY_PHASE_STRIP = NO;
				DEBUG_INFORMATION_FORMAT = "dwarf-with-dsym";
				ENABLE_NS_ASSERTIONS = NO;
				ENABLE_STRICT_OBJC_MSGSEND = YES;
				GCC_C_LANGUAGE_STANDARD = gnu11;
				GCC_NO_COMMON_BLOCKS = YES;
				GCC_WARN_64_TO_32_BIT_CONVERSION = YES;
				GCC_WARN_ABOUT_RETURN_TYPE = YES_ERROR;
				GCC_WARN_UNDECLARED_SELECTOR = YES;
				GCC_WARN_UNINITIALIZED_AUTOS = YES_AGGRESSIVE;
				GCC_WARN_UNUSED_FUNCTION = YES;
				GCC_WARN_UNUSED_VARIABLE = YES;
				IPHONEOS_DEPLOYMENT_TARGET = 14.2;
				MTL_ENABLE_DEBUG_INFO = NO;
				MTL_FAST_MATH = YES;
				SDKROOT = iphoneos;
				SWIFT_COMPILATION_MODE = wholemodule;
				SWIFT_OPTIMIZATION_LEVEL = "-O";
				VALIDATE_PRODUCT = YES;
			};
			name = Release;
		};
		F0E3C81B258961490095FEF8 /* Debug */ = {
			isa = XCBuildConfiguration;
			buildSettings = {
				ASSETCATALOG_COMPILER_APPICON_NAME = AppIcon;
				ASSETCATALOG_COMPILER_GLOBAL_ACCENT_COLOR_NAME = AccentColor;
				CODE_SIGN_STYLE = Automatic;
				INFOPLIST_FILE = Dicionario/Info.plist;
				LD_RUNPATH_SEARCH_PATHS = (
					"$(inherited)",
					"@executable_path/Frameworks",
				);
				PRODUCT_BUNDLE_IDENTIFIER = com.zavarese.Dicionario;
				PRODUCT_NAME = "$(TARGET_NAME)";
				SWIFT_VERSION = 5.0;
				TARGETED_DEVICE_FAMILY = "1,2";
			};
			name = Debug;
		};
		F0E3C81C258961490095FEF8 /* Release */ = {
			isa = XCBuildConfiguration;
			buildSettings = {
				ASSETCATALOG_COMPILER_APPICON_NAME = AppIcon;
				ASSETCATALOG_COMPILER_GLOBAL_ACCENT_COLOR_NAME = AccentColor;
				CODE_SIGN_STYLE = Automatic;
				INFOPLIST_FILE = Dicionario/Info.plist;
				LD_RUNPATH_SEARCH_PATHS = (
					"$(inherited)",
					"@executable_path/Frameworks",
				);
				PRODUCT_BUNDLE_IDENTIFIER = com.zavarese.Dicionario;
				PRODUCT_NAME = "$(TARGET_NAME)";
				SWIFT_VERSION = 5.0;
				TARGETED_DEVICE_FAMILY = "1,2";
			};
			name = Release;
		};
/* End XCBuildConfiguration section */

/* Begin XCConfigurationList section */
		F0E3C7FE258961450095FEF8 /* Build configuration list for PBXProject "Dicionario" */ = {
			isa = XCConfigurationList;
			buildConfigurations = (
				F0E3C818258961490095FEF8 /* Debug */,
				F0E3C819258961490095FEF8 /* Release */,
			);
			defaultConfigurationIsVisible = 0;
			defaultConfigurationName = Release;
		};
		F0E3C81A258961490095FEF8 /* Build configuration list for PBXNativeTarget "Dicionario" */ = {
			isa = XCConfigurationList;
			buildConfigurations = (
				F0E3C81B258961490095FEF8 /* Debug */,
				F0E3C81C258961490095FEF8 /* Release */,
			);
			defaultConfigurationIsVisible = 0;
			defaultConfigurationName = Release;
		};
/* End XCConfigurationList section */

/* Begin XCVersionGroup section */
		F0E3C80F258961450095FEF8 /* Dicionario.xcdatamodeld */ = {
			isa = XCVersionGroup;
			children = (
				F0E3C810258961450095FEF8 /* Dicionario.xcdatamodel */,
			);
			currentVersion = F0E3C810258961450095FEF8 /* Dicionario.xcdatamodel */;
			path = Dicionario.xcdatamodeld;
			sourceTree = "<group>";
			versionGroupType = wrapper.xcdatamodel;
		};
/* End XCVersionGroup section */
	};
	rootObject = F0E3C7FB258961450095FEF8 /* Project object */;
}
